
Microsoft Visual Studio Solution File, Format Version 12.00
# Visual Studio Version 17
VisualStudioVersion = 17.1.32328.378
MinimumVisualStudioVersion = 10.0.40219.1
Project("{9A19103F-16F7-4668-BE54-9A1E7A4F7556}") = "ShoppingCart", "ShoppingCart\ShoppingCart.csproj", "{63AFB5BA-9051-4D1F-B92B-B2661D797DD1}"
EndProject
Project("{9A19103F-16F7-4668-BE54-9A1E7A4F7556}") = "ShoppingCartTests", "ShoppingCartTests\ShoppingCartTests.csproj", "{8632E32A-D357-42A0-845B-96BFD0E617A4}"
EndProject
Global
	GlobalSection(SolutionConfigurationPlatforms) = preSolution
		Debug|Any CPU = Debug|Any CPU
		Release|Any CPU = Release|Any CPU
	EndGlobalSection
	GlobalSection(ProjectConfigurationPlatforms) = postSolution
		{63AFB5BA-9051-4D1F-B92B-B2661D797DD1}.Debug|Any CPU.ActiveCfg = Debug|Any CPU
		{63AFB5BA-9051-4D1F-B92B-B2661D797DD1}.Debug|Any CPU.Build.0 = Debug|Any CPU
		{63AFB5BA-9051-4D1F-B92B-B2661D797DD1}.Release|Any CPU.ActiveCfg = Release|Any CPU
		{63AFB5BA-9051-4D1F-B92B-B2661D797DD1}.Release|Any CPU.Build.0 = Release|Any CPU
		{8632E32A-D357-42A0-845B-96BFD0E617A4}.Debug|Any CPU.ActiveCfg = Debug|Any CPU
		{8632E32A-D357-42A0-845B-96BFD0E617A4}.Debug|Any CPU.Build.0 = Debug|Any CPU
		{8632E32A-D357-42A0-845B-96BFD0E617A4}.Release|Any CPU.ActiveCfg = Release|Any CPU
		{8632E32A-D357-42A0-845B-96BFD0E617A4}.Release|Any CPU.Build.0 = Release|Any CPU
	EndGlobalSection
	GlobalSection(SolutionProperties) = preSolution
		HideSolutionNode = FALSE
	EndGlobalSection
	GlobalSection(ExtensibilityGlobals) = postSolution
		SolutionGuid = {11D65E21-BBB1-4412-80E4-FF39F5826F1B}
	EndGlobalSection
EndGlobal
